
Microsoft Visual Studio Solution File, Format Version 12.00
# Visual Studio Version 17
VisualStudioVersion = 17.9.34902.65
MinimumVisualStudioVersion = 10.0.40219.1
Project("{FAE04EC0-301F-11D3-BF4B-00C04F79EFBC}") = "HelloWorld", "HelloWorld\HelloWorld.csproj", "{45F02CAD-0DAD-4D5D-BE9D-72D283E4866E}"
EndProject
Global
	GlobalSection(SolutionConfigurationPlatforms) = preSolution
		Debug|Any CPU = Debug|Any CPU
		Release|Any CPU = Release|Any CPU
	EndGlobalSection
	GlobalSection(ProjectConfigurationPlatforms) = postSolution
		{45F02CAD-0DAD-4D5D-BE9D-72D283E4866E}.Debug|Any CPU.ActiveCfg = Debug|Any CPU
		{45F02CAD-0DAD-4D5D-BE9D-72D283E4866E}.Debug|Any CPU.Build.0 = Debug|Any CPU
		{45F02CAD-0DAD-4D5D-BE9D-72D283E4866E}.Release|Any CPU.ActiveCfg = Release|Any CPU
		{45F02CAD-0DAD-4D5D-BE9D-72D283E4866E}.Release|Any CPU.Build.0 = Release|Any CPU
	EndGlobalSection
	GlobalSection(SolutionProperties) = preSolution
		HideSolutionNode = FALSE
	EndGlobalSection
	GlobalSection(ExtensibilityGlobals) = postSolution
		SolutionGuid = {704FA5C1-C3F8-4A1C-BD1F-4FCE60A0E573}
	EndGlobalSection
EndGlobal
